
Microsoft Visual Studio Solution File, Format Version 12.00
# Visual Studio Version 17
VisualStudioVersion = 17.4.33213.308
MinimumVisualStudioVersion = 10.0.40219.1
Project("{888888A0-9F3D-457C-B088-3A5042F75D52}") = "Baker_To_The_Boss", "Baker_To_The_Boss\Baker_To_The_Boss.pyproj", "{01746D3B-1C32-4D24-9646-E1A5CE848F48}"
EndProject
Global
	GlobalSection(SolutionConfigurationPlatforms) = preSolution
		Debug|Any CPU = Debug|Any CPU
		Release|Any CPU = Release|Any CPU
	EndGlobalSection
	GlobalSection(ProjectConfigurationPlatforms) = postSolution
		{01746D3B-1C32-4D24-9646-E1A5CE848F48}.Debug|Any CPU.ActiveCfg = Debug|Any CPU
		{01746D3B-1C32-4D24-9646-E1A5CE848F48}.Release|Any CPU.ActiveCfg = Release|Any CPU
	EndGlobalSection
	GlobalSection(SolutionProperties) = preSolution
		HideSolutionNode = FALSE
	EndGlobalSection
	GlobalSection(ExtensibilityGlobals) = postSolution
		SolutionGuid = {B389D81B-3599-4562-86FF-67E0B370F6E8}
	EndGlobalSection
EndGlobal
